
Microsoft Visual Studio Solution File, Format Version 12.00
# Visual Studio Version 16
VisualStudioVersion = 16.0.31005.135
MinimumVisualStudioVersion = 10.0.40219.1
Project("{8BC9CEB8-8B4A-11D0-8D11-00A0C91BC942}") = "car_app", "car_app.vcxproj", "{8CFF200F-86BF-445A-BCA5-C28F6663F7B9}"
EndProject
Project("{8BC9CEB8-8B4A-11D0-8D11-00A0C91BC942}") = "car_tests", "..\car_tests\car_tests.vcxproj", "{4CB2DD18-ED79-4B8C-9CA9-D6A4ADDE4FC3}"
EndProject
Global
	GlobalSection(SolutionConfigurationPlatforms) = preSolution
		Debug|x64 = Debug|x64
		Debug|x86 = Debug|x86
		Release|x64 = Release|x64
		Release|x86 = Release|x86
	EndGlobalSection
	GlobalSection(ProjectConfigurationPlatforms) = postSolution
		{8CFF200F-86BF-445A-BCA5-C28F6663F7B9}.Debug|x64.ActiveCfg = Debug|x64
		{8CFF200F-86BF-445A-BCA5-C28F6663F7B9}.Debug|x64.Build.0 = Debug|x64
		{8CFF200F-86BF-445A-BCA5-C28F6663F7B9}.Debug|x86.ActiveCfg = Debug|Win32
		{8CFF200F-86BF-445A-BCA5-C28F6663F7B9}.Debug|x86.Build.0 = Debug|Win32
		{8CFF200F-86BF-445A-BCA5-C28F6663F7B9}.Release|x64.ActiveCfg = Release|x64
		{8CFF200F-86BF-445A-BCA5-C28F6663F7B9}.Release|x64.Build.0 = Release|x64
		{8CFF200F-86BF-445A-BCA5-C28F6663F7B9}.Release|x86.ActiveCfg = Release|Win32
		{8CFF200F-86BF-445A-BCA5-C28F6663F7B9}.Release|x86.Build.0 = Release|Win32
		{4CB2DD18-ED79-4B8C-9CA9-D6A4ADDE4FC3}.Debug|x64.ActiveCfg = Debug|x64
		{4CB2DD18-ED79-4B8C-9CA9-D6A4ADDE4FC3}.Debug|x64.Build.0 = Debug|x64
		{4CB2DD18-ED79-4B8C-9CA9-D6A4ADDE4FC3}.Debug|x86.ActiveCfg = Debug|Win32
		{4CB2DD18-ED79-4B8C-9CA9-D6A4ADDE4FC3}.Debug|x86.Build.0 = Debug|Win32
		{4CB2DD18-ED79-4B8C-9CA9-D6A4ADDE4FC3}.Release|x64.ActiveCfg = Release|x64
		{4CB2DD18-ED79-4B8C-9CA9-D6A4ADDE4FC3}.Release|x64.Build.0 = Release|x64
		{4CB2DD18-ED79-4B8C-9CA9-D6A4ADDE4FC3}.Release|x86.ActiveCfg = Release|Win32
		{4CB2DD18-ED79-4B8C-9CA9-D6A4ADDE4FC3}.Release|x86.Build.0 = Release|Win32
	EndGlobalSection
	GlobalSection(SolutionProperties) = preSolution
		HideSolutionNode = FALSE
	EndGlobalSection
	GlobalSection(ExtensibilityGlobals) = postSolution
		SolutionGuid = {E5BCA004-2D39-4CD9-BE18-EE43123A4395}
	EndGlobalSection
EndGlobal
