
Microsoft Visual Studio Solution File, Format Version 12.00
# Visual Studio Version 16
VisualStudioVersion = 16.0.31005.135
MinimumVisualStudioVersion = 10.0.40219.1
Project("{8BC9CEB8-8B4A-11D0-8D11-00A0C91BC942}") = "prime_numbers_app", "prime_numbers_app.vcxproj", "{E606D744-953C-4F97-9A46-9F4944410ACE}"
	ProjectSection(ProjectDependencies) = postProject
		{ED6D257B-F000-492E-AAE5-4955F3090909} = {ED6D257B-F000-492E-AAE5-4955F3090909}
	EndProjectSection
EndProject
Project("{8BC9CEB8-8B4A-11D0-8D11-00A0C91BC942}") = "prime_numbers_tests", "..\prime_numbers_tests\prime_numbers_tests.vcxproj", "{ED6D257B-F000-492E-AAE5-4955F3090909}"
EndProject
Global
	GlobalSection(SolutionConfigurationPlatforms) = preSolution
		Debug|x64 = Debug|x64
		Debug|x86 = Debug|x86
		Release|x64 = Release|x64
		Release|x86 = Release|x86
	EndGlobalSection
	GlobalSection(ProjectConfigurationPlatforms) = postSolution
		{E606D744-953C-4F97-9A46-9F4944410ACE}.Debug|x64.ActiveCfg = Debug|x64
		{E606D744-953C-4F97-9A46-9F4944410ACE}.Debug|x64.Build.0 = Debug|x64
		{E606D744-953C-4F97-9A46-9F4944410ACE}.Debug|x86.ActiveCfg = Debug|Win32
		{E606D744-953C-4F97-9A46-9F4944410ACE}.Debug|x86.Build.0 = Debug|Win32
		{E606D744-953C-4F97-9A46-9F4944410ACE}.Release|x64.ActiveCfg = Release|x64
		{E606D744-953C-4F97-9A46-9F4944410ACE}.Release|x64.Build.0 = Release|x64
		{E606D744-953C-4F97-9A46-9F4944410ACE}.Release|x86.ActiveCfg = Release|Win32
		{E606D744-953C-4F97-9A46-9F4944410ACE}.Release|x86.Build.0 = Release|Win32
		{ED6D257B-F000-492E-AAE5-4955F3090909}.Debug|x64.ActiveCfg = Debug|x64
		{ED6D257B-F000-492E-AAE5-4955F3090909}.Debug|x64.Build.0 = Debug|x64
		{ED6D257B-F000-492E-AAE5-4955F3090909}.Debug|x86.ActiveCfg = Debug|Win32
		{ED6D257B-F000-492E-AAE5-4955F3090909}.Debug|x86.Build.0 = Debug|Win32
		{ED6D257B-F000-492E-AAE5-4955F3090909}.Release|x64.ActiveCfg = Release|x64
		{ED6D257B-F000-492E-AAE5-4955F3090909}.Release|x64.Build.0 = Release|x64
		{ED6D257B-F000-492E-AAE5-4955F3090909}.Release|x86.ActiveCfg = Release|Win32
		{ED6D257B-F000-492E-AAE5-4955F3090909}.Release|x86.Build.0 = Release|Win32
	EndGlobalSection
	GlobalSection(SolutionProperties) = preSolution
		HideSolutionNode = FALSE
	EndGlobalSection
	GlobalSection(ExtensibilityGlobals) = postSolution
		SolutionGuid = {5D42B900-0532-44CB-9488-97AD3BC4226E}
	EndGlobalSection
EndGlobal
